github.com/ananthb/jughead v1.11.12 h1:oKx5OkJGaO7QdBEISQBksVEVv0vF5ypTTS14Ev8myx0=
github.com/ananthb/jughead v1.11.12/go.mod h1:iOCt4k9UlHa/o7WCh0JFO1/Sfwrf1UwyuG82GqEOphM=
github.com/ananthb/jughead v1.11.13 h1:tqBaXWH0e1XXmcaGTsRWV4y70PTeDUw6IIkr9ecgVBY=
github.com/ananthb/jughead v1.11.13/go.mod h1:iOCt4k9UlHa/o7WCh0JFO1/Sfwrf1UwyuG82GqEOphM=
